
Microsoft Visual Studio Solution File, Format Version 12.00
# Visual Studio 15
VisualStudioVersion = 15.0.28307.421
MinimumVisualStudioVersion = 10.0.40219.1
Project("{FAE04EC0-301F-11D3-BF4B-00C04F79EFBC}") = "Membuat Class", "Membuat Class\Membuat Class.csproj", "{75A90C1A-4A1F-4440-8689-BFFB9565F106}"
EndProject
Global
	GlobalSection(SolutionConfigurationPlatforms) = preSolution
		Debug|Any CPU = Debug|Any CPU
		Release|Any CPU = Release|Any CPU
	EndGlobalSection
	GlobalSection(ProjectConfigurationPlatforms) = postSolution
		{75A90C1A-4A1F-4440-8689-BFFB9565F106}.Debug|Any CPU.ActiveCfg = Debug|Any CPU
		{75A90C1A-4A1F-4440-8689-BFFB9565F106}.Debug|Any CPU.Build.0 = Debug|Any CPU
		{75A90C1A-4A1F-4440-8689-BFFB9565F106}.Release|Any CPU.ActiveCfg = Release|Any CPU
		{75A90C1A-4A1F-4440-8689-BFFB9565F106}.Release|Any CPU.Build.0 = Release|Any CPU
	EndGlobalSection
	GlobalSection(SolutionProperties) = preSolution
		HideSolutionNode = FALSE
	EndGlobalSection
	GlobalSection(ExtensibilityGlobals) = postSolution
		SolutionGuid = {DDC06FC6-6205-417D-84CA-D940E72C7165}
	EndGlobalSection
EndGlobal
